
Microsoft Visual Studio Solution File, Format Version 12.00
# Visual Studio 15
VisualStudioVersion = 15.0.27428.1
MinimumVisualStudioVersion = 10.0.40219.1
Project("{9A19103F-16F7-4668-BE54-9A1E7A4F7556}") = "MediaPlanner", "MediaPlanner\MediaPlanner.csproj", "{A848FBB4-344F-42F1-8A6C-10DE07C2410B}"
EndProject
Project("{9A19103F-16F7-4668-BE54-9A1E7A4F7556}") = "MediaPlanner.API", "MediaPlanner.API\MediaPlanner.API.csproj", "{EF40943F-6EEC-448A-A7B3-DCBF5BFCFABE}"
EndProject
Project("{9A19103F-16F7-4668-BE54-9A1E7A4F7556}") = "MediaPlanner.Database", "MediaPlanner.Database\MediaPlanner.Database.csproj", "{9EBDC45C-E18E-42D5-A3E8-3E1A863B7FE7}"
EndProject
Project("{FAE04EC0-301F-11D3-BF4B-00C04F79EFBC}") = "MediaPlanner.Integrations", "MediaPlanner.Integrations\MediaPlanner.Integrations.csproj", "{D9485AE1-0766-413A-AB22-4EEA7791A3EF}"
EndProject
Project("{FAE04EC0-301F-11D3-BF4B-00C04F79EFBC}") = "MediaPlanner.RolesBasedAuthentication", "MediaPlanner.RolesBasedAuthentication\MediaPlanner.RolesBasedAuthentication.csproj", "{48036A57-BE33-46D6-8A6B-C0F5FF39359B}"
EndProject
Global
	GlobalSection(SolutionConfigurationPlatforms) = preSolution
		Debug|Any CPU = Debug|Any CPU
		Release|Any CPU = Release|Any CPU
	EndGlobalSection
	GlobalSection(ProjectConfigurationPlatforms) = postSolution
		{A848FBB4-344F-42F1-8A6C-10DE07C2410B}.Debug|Any CPU.ActiveCfg = Debug|Any CPU
		{A848FBB4-344F-42F1-8A6C-10DE07C2410B}.Debug|Any CPU.Build.0 = Debug|Any CPU
		{A848FBB4-344F-42F1-8A6C-10DE07C2410B}.Release|Any CPU.ActiveCfg = Release|Any CPU
		{A848FBB4-344F-42F1-8A6C-10DE07C2410B}.Release|Any CPU.Build.0 = Release|Any CPU
		{EF40943F-6EEC-448A-A7B3-DCBF5BFCFABE}.Debug|Any CPU.ActiveCfg = Debug|Any CPU
		{EF40943F-6EEC-448A-A7B3-DCBF5BFCFABE}.Debug|Any CPU.Build.0 = Debug|Any CPU
		{EF40943F-6EEC-448A-A7B3-DCBF5BFCFABE}.Release|Any CPU.ActiveCfg = Release|Any CPU
		{EF40943F-6EEC-448A-A7B3-DCBF5BFCFABE}.Release|Any CPU.Build.0 = Release|Any CPU
		{9EBDC45C-E18E-42D5-A3E8-3E1A863B7FE7}.Debug|Any CPU.ActiveCfg = Debug|Any CPU
		{9EBDC45C-E18E-42D5-A3E8-3E1A863B7FE7}.Debug|Any CPU.Build.0 = Debug|Any CPU
		{9EBDC45C-E18E-42D5-A3E8-3E1A863B7FE7}.Release|Any CPU.ActiveCfg = Release|Any CPU
		{9EBDC45C-E18E-42D5-A3E8-3E1A863B7FE7}.Release|Any CPU.Build.0 = Release|Any CPU
		{D9485AE1-0766-413A-AB22-4EEA7791A3EF}.Debug|Any CPU.ActiveCfg = Debug|Any CPU
		{D9485AE1-0766-413A-AB22-4EEA7791A3EF}.Debug|Any CPU.Build.0 = Debug|Any CPU
		{D9485AE1-0766-413A-AB22-4EEA7791A3EF}.Release|Any CPU.ActiveCfg = Release|Any CPU
		{D9485AE1-0766-413A-AB22-4EEA7791A3EF}.Release|Any CPU.Build.0 = Release|Any CPU
		{48036A57-BE33-46D6-8A6B-C0F5FF39359B}.Debug|Any CPU.ActiveCfg = Debug|Any CPU
		{48036A57-BE33-46D6-8A6B-C0F5FF39359B}.Debug|Any CPU.Build.0 = Debug|Any CPU
		{48036A57-BE33-46D6-8A6B-C0F5FF39359B}.Release|Any CPU.ActiveCfg = Release|Any CPU
		{48036A57-BE33-46D6-8A6B-C0F5FF39359B}.Release|Any CPU.Build.0 = Release|Any CPU
	EndGlobalSection
	GlobalSection(SolutionProperties) = preSolution
		HideSolutionNode = FALSE
	EndGlobalSection
	GlobalSection(ExtensibilityGlobals) = postSolution
		SolutionGuid = {C1695BC2-12A4-4422-9ED1-469DD2C0523C}
	EndGlobalSection
EndGlobal
